// !$*UTF8*$!
{
	archiveVersion = 1;
	classes = {
	};
	objectVersion = 48;
	objects = {

/* Begin PBXBuildFile section */
		F648EE50210045CB00045DB8 /* AppDelegate.m in Sources */ = {isa = PBXBuildFile; fileRef = F648EE4F210045CB00045DB8 /* AppDelegate.m */; };
		F648EE53210045CB00045DB8 /* ViewController.m in Sources */ = {isa = PBXBuildFile; fileRef = F648EE52210045CB00045DB8 /* ViewController.m */; };
		F648EE56210045CB00045DB8 /* Main.storyboard in Resources */ = {isa = PBXBuildFile; fileRef = F648EE54210045CB00045DB8 /* Main.storyboard */; };
		F648EE58210045CB00045DB8 /* Assets.xcassets in Resources */ = {isa = PBXBuildFile; fileRef = F648EE57210045CB00045DB8 /* Assets.xcassets */; };
		F648EE5B210045CB00045DB8 /* LaunchScreen.storyboard in Resources */ = {isa = PBXBuildFile; fileRef = F648EE59210045CB00045DB8 /* LaunchScreen.storyboard */; };
		F648EE5E210045CB00045DB8 /* main.m in Sources */ = {isa = PBXBuildFile; fileRef = F648EE5D210045CB00045DB8 /* main.m */; };
		F648EE6B210047F200045DB8 /* JLSimpleNetWork.m in Sources */ = {isa = PBXBuildFile; fileRef = F648EE65210045E000045DB8 /* JLSimpleNetWork.m */; };
/* End PBXBuildFile section */

/* Begin PBXFileReference section */
		F648EE4B210045CB00045DB8 /* JLSimpleNetWorkDemo.app */ = {isa = PBXFileReference; explicitFileType = wrapper.application; includeInIndex = 0; path = JLSimpleNetWorkDemo.app; sourceTree = BUILT_PRODUCTS_DIR; };
		F648EE4E210045CB00045DB8 /* AppDelegate.h */ = {isa = PBXFileReference; lastKnownFileType = sourcecode.c.h; path = AppDelegate.h; sourceTree = "<group>"; };
		F648EE4F210045CB00045DB8 /* AppDelegate.m */ = {isa = PBXFileReference; lastKnownFileType = sourcecode.c.objc; path = AppDelegate.m; sourceTree = "<group>"; };
		F648EE51210045CB00045DB8 /* ViewController.h */ = {isa = PBXFileReference; lastKnownFileType = sourcecode.c.h; path = ViewController.h; sourceTree = "<group>"; };
		F648EE52210045CB00045DB8 /* ViewController.m */ = {isa = PBXFileReference; lastKnownFileType = sourcecode.c.objc; path = ViewController.m; sourceTree = "<group>"; };
		F648EE55210045CB00045DB8 /* Base */ = {isa = PBXFileReference; lastKnownFileType = file.storyboard; name = Base; path = Base.lproj/Main.storyboard; sourceTree = "<group>"; };
		F648EE57210045CB00045DB8 /* Assets.xcassets */ = {isa = PBXFileReference; lastKnownFileType = folder.assetcatalog; path = Assets.xcassets; sourceTree = "<group>"; };
		F648EE5A210045CB00045DB8 /* Base */ = {isa = PBXFileReference; lastKnownFileType = file.storyboard; name = Base; path = Base.lproj/LaunchScreen.storyboard; sourceTree = "<group>"; };
		F648EE5C210045CB00045DB8 /* Info.plist */ = {isa = PBXFileReference; lastKnownFileType = text.plist.xml; path = Info.plist; sourceTree = "<group>"; };
		F648EE5D210045CB00045DB8 /* main.m */ = {isa = PBXFileReference; lastKnownFileType = sourcecode.c.objc; path = main.m; sourceTree = "<group>"; };
		F648EE65210045E000045DB8 /* JLSimpleNetWork.m */ = {isa = PBXFileReference; lastKnownFileType = sourcecode.c.objc; path = JLSimpleNetWork.m; sourceTree = "<group>"; };
		F648EE66210045E000045DB8 /* JLSimpleNetWork.h */ = {isa = PBXFileReference; lastKnownFileType = sourcecode.c.h; path = JLSimpleNetWork.h; sourceTree = "<group>"; };
/* End PBXFileReference section */

/* Begin PBXFrameworksBuildPhase section */
		F648EE48210045CB00045DB8 /* Frameworks */ = {
			isa = PBXFrameworksBuildPhase;
			buildActionMask = 2147483647;
			files = (
			);
			runOnlyForDeploymentPostprocessing = 0;
		};
/* End PBXFrameworksBuildPhase section */

/* Begin PBXGroup section */
		F648EE42210045CB00045DB8 = {
			isa = PBXGroup;
			children = (
				F648EE4D210045CB00045DB8 /* JLSimpleNetWorkDemo */,
				F648EE4C210045CB00045DB8 /* Products */,
			);
			sourceTree = "<group>";
		};
		F648EE4C210045CB00045DB8 /* Products */ = {
			isa = PBXGroup;
			children = (
				F648EE4B210045CB00045DB8 /* JLSimpleNetWorkDemo.app */,
			);
			name = Products;
			sourceTree = "<group>";
		};
		F648EE4D210045CB00045DB8 /* JLSimpleNetWorkDemo */ = {
			isa = PBXGroup;
			children = (
				F648EE51210045CB00045DB8 /* ViewController.h */,
				F648EE52210045CB00045DB8 /* ViewController.m */,
				F648EE672100460300045DB8 /* Application */,
				F648EE64210045E000045DB8 /* JLSimpleNetWork */,
				F648EE5C210045CB00045DB8 /* Info.plist */,
			);
			path = JLSimpleNetWorkDemo;
			sourceTree = "<group>";
		};
		F648EE64210045E000045DB8 /* JLSimpleNetWork */ = {
			isa = PBXGroup;
			children = (
				F648EE66210045E000045DB8 /* JLSimpleNetWork.h */,
				F648EE65210045E000045DB8 /* JLSimpleNetWork.m */,
			);
			path = JLSimpleNetWork;
			sourceTree = "<group>";
		};
		F648EE672100460300045DB8 /* Application */ = {
			isa = PBXGroup;
			children = (
				F648EE4E210045CB00045DB8 /* AppDelegate.h */,
				F648EE4F210045CB00045DB8 /* AppDelegate.m */,
				F648EE54210045CB00045DB8 /* Main.storyboard */,
				F648EE57210045CB00045DB8 /* Assets.xcassets */,
				F648EE59210045CB00045DB8 /* LaunchScreen.storyboard */,
				F648EE5D210045CB00045DB8 /* main.m */,
			);
			path = Application;
			sourceTree = "<group>";
		};
/* End PBXGroup section */

/* Begin PBXNativeTarget section */
		F648EE4A210045CB00045DB8 /* JLSimpleNetWorkDemo */ = {
			isa = PBXNativeTarget;
			buildConfigurationList = F648EE61210045CB00045DB8 /* Build configuration list for PBXNativeTarget "JLSimpleNetWorkDemo" */;
			buildPhases = (
				F648EE47210045CB00045DB8 /* Sources */,
				F648EE48210045CB00045DB8 /* Frameworks */,
				F648EE49210045CB00045DB8 /* Resources */,
			);
			buildRules = (
			);
			dependencies = (
			);
			name = JLSimpleNetWorkDemo;
			productName = JLSimpleNetWorkDemo;
			productReference = F648EE4B210045CB00045DB8 /* JLSimpleNetWorkDemo.app */;
			productType = "com.apple.product-type.application";
		};
/* End PBXNativeTarget section */

/* Begin PBXProject section */
		F648EE43210045CB00045DB8 /* Project object */ = {
			isa = PBXProject;
			attributes = {
				LastUpgradeCheck = 0900;
				ORGANIZATIONNAME = JiBaoBao;
				TargetAttributes = {
					F648EE4A210045CB00045DB8 = {
						CreatedOnToolsVersion = 9.0;
						ProvisioningStyle = Automatic;
					};
				};
			};
			buildConfigurationList = F648EE46210045CB00045DB8 /* Build configuration list for PBXProject "JLSimpleNetWorkDemo" */;
			compatibilityVersion = "Xcode 8.0";
			developmentRegion = en;
			hasScannedForEncodings = 0;
			knownRegions = (
				en,
				Base,
			);
			mainGroup = F648EE42210045CB00045DB8;
			productRefGroup = F648EE4C210045CB00045DB8 /* Products */;
			projectDirPath = "";
			projectRoot = "";
			targets = (
				F648EE4A210045CB00045DB8 /* JLSimpleNetWorkDemo */,
			);
		};
/* End PBXProject section */

/* Begin PBXResourcesBuildPhase section */
		F648EE49210045CB00045DB8 /* Resources */ = {
			isa = PBXResourcesBuildPhase;
			buildActionMask = 2147483647;
			files = (
				F648EE5B210045CB00045DB8 /* LaunchScreen.storyboard in Resources */,
				F648EE58210045CB00045DB8 /* Assets.xcassets in Resources */,
				F648EE56210045CB00045DB8 /* Main.storyboard in Resources */,
			);
			runOnlyForDeploymentPostprocessing = 0;
		};
/* End PBXResourcesBuildPhase section */

/* Begin PBXSourcesBuildPhase section */
		F648EE47210045CB00045DB8 /* Sources */ = {
			isa = PBXSourcesBuildPhase;
			buildActionMask = 2147483647;
			files = (
				F648EE53210045CB00045DB8 /* ViewController.m in Sources */,
				F648EE5E210045CB00045DB8 /* main.m in Sources */,
				F648EE6B210047F200045DB8 /* JLSimpleNetWork.m in Sources */,
				F648EE50210045CB00045DB8 /* AppDelegate.m in Sources */,
			);
			runOnlyForDeploymentPostprocessing = 0;
		};
/* End PBXSourcesBuildPhase section */

/* Begin PBXVariantGroup section */
		F648EE54210045CB00045DB8 /* Main.storyboard */ = {
			isa = PBXVariantGroup;
			children = (
				F648EE55210045CB00045DB8 /* Base */,
			);
			name = Main.storyboard;
			sourceTree = "<group>";
		};
		F648EE59210045CB00045DB8 /* LaunchScreen.storyboard */ = {
			isa = PBXVariantGroup;
			children = (
				F648EE5A210045CB00045DB8 /* Base */,
			);
			name = LaunchScreen.storyboard;
			sourceTree = "<group>";
		};
/* End PBXVariantGroup section */

/* Begin XCBuildConfiguration section */
		F648EE5F210045CB00045DB8 /* Debug */ = {
			isa = XCBuildConfiguration;
			buildSettings = {
				ALWAYS_SEARCH_USER_PATHS = NO;
				CLANG_ANALYZER_NONNULL = YES;
				CLANG_ANALYZER_NUMBER_OBJECT_CONVERSION = YES_AGGRESSIVE;
				CLANG_CXX_LANGUAGE_STANDARD = "gnu++14";
				CLANG_CXX_LIBRARY = "libc++";
				CLANG_ENABLE_MODULES = YES;
				CLANG_ENABLE_OBJC_ARC = YES;
				CLANG_WARN_BLOCK_CAPTURE_AUTORELEASING = YES;
				CLANG_WARN_BOOL_CONVERSION = YES;
				CLANG_WARN_COMMA = YES;
				CLANG_WARN_CONSTANT_CONVERSION = YES;
				CLANG_WARN_DIRECT_OBJC_ISA_USAGE = YES_ERROR;
				CLANG_WARN_DOCUMENTATION_COMMENTS = YES;
				CLANG_WARN_EMPTY_BODY = YES;
				CLANG_WARN_ENUM_CONVERSION = YES;
				CLANG_WARN_INFINITE_RECURSION = YES;
				CLANG_WARN_INT_CONVERSION = YES;
				CLANG_WARN_NON_LITERAL_NULL_CONVERSION = YES;
				CLANG_WARN_OBJC_LITERAL_CONVERSION = YES;
				CLANG_WARN_OBJC_ROOT_CLASS = YES_ERROR;
				CLANG_WARN_RANGE_LOOP_ANALYSIS = YES;
				CLANG_WARN_STRICT_PROTOTYPES = YES;
				CLANG_WARN_SUSPICIOUS_MOVE = YES;
				CLANG_WARN_UNGUARDED_AVAILABILITY = YES_AGGRESSIVE;
				CLANG_WARN_UNREACHABLE_CODE = YES;
				CLANG_WARN__DUPLICATE_METHOD_MATCH = YES;
				CODE_SIGN_IDENTITY = "iPhone Developer";
				COPY_PHASE_STRIP = NO;
				DEBUG_INFORMATION_FORMAT = dwarf;
				ENABLE_STRICT_OBJC_MSGSEND = YES;
				ENABLE_TESTABILITY = YES;
				GCC_C_LANGUAGE_STANDARD = gnu11;
				GCC_DYNAMIC_NO_PIC = NO;
				GCC_NO_COMMON_BLOCKS = YES;
				GCC_OPTIMIZATION_LEVEL = 0;
				GCC_PREPROCESSOR_DEFINITIONS = (
					"DEBUG=1",
					"$(inherited)",
				);
				GCC_WARN_64_TO_32_BIT_CONVERSION = YES;
				GCC_WARN_ABOUT_RETURN_TYPE = YES_ERROR;
				GCC_WARN_UNDECLARED_SELECTOR = YES;
				GCC_WARN_UNINITIALIZED_AUTOS = YES_AGGRESSIVE;
				GCC_WARN_UNUSED_FUNCTION = YES;
				GCC_WARN_UNUSED_VARIABLE = YES;
				IPHONEOS_DEPLOYMENT_TARGET = 11.0;
				MTL_ENABLE_DEBUG_INFO = YES;
				ONLY_ACTIVE_ARCH = YES;
				SDKROOT = iphoneos;
			};
			name = Debug;
		};
		F648EE60210045CB00045DB8 /* Release */ = {
			isa = XCBuildConfiguration;
			buildSettings = {
				ALWAYS_SEARCH_USER_PATHS = NO;
				CLANG_ANALYZER_NONNULL = YES;
				CLANG_ANALYZER_NUMBER_OBJECT_CONVERSION = YES_AGGRESSIVE;
				CLANG_CXX_LANGUAGE_STANDARD = "gnu++14";
				CLANG_CXX_LIBRARY = "libc++";
				CLANG_ENABLE_MODULES = YES;
				CLANG_ENABLE_OBJC_ARC = YES;
				CLANG_WARN_BLOCK_CAPTURE_AUTORELEASING = YES;
				CLANG_WARN_BOOL_CONVERSION = YES;
				CLANG_WARN_COMMA = YES;
				CLANG_WARN_CONSTANT_CONVERSION = YES;
				CLANG_WARN_DIRECT_OBJC_ISA_USAGE = YES_ERROR;
				CLANG_WARN_DOCUMENTATION_COMMENTS = YES;
				CLANG_WARN_EMPTY_BODY = YES;
				CLANG_WARN_ENUM_CONVERSION = YES;
				CLANG_WARN_INFINITE_RECURSION = YES;
				CLANG_WARN_INT_CONVERSION = YES;
				CLANG_WARN_NON_LITERAL_NULL_CONVERSION = YES;
				CLANG_WARN_OBJC_LITERAL_CONVERSION = YES;
				CLANG_WARN_OBJC_ROOT_CLASS = YES_ERROR;
				CLANG_WARN_RANGE_LOOP_ANALYSIS = YES;
				CLANG_WARN_STRICT_PROTOTYPES = YES;
				CLANG_WARN_SUSPICIOUS_MOVE = YES;
				CLANG_WARN_UNGUARDED_AVAILABILITY = YES_AGGRESSIVE;
				CLANG_WARN_UNREACHABLE_CODE = YES;
				CLANG_WARN__DUPLICATE_METHOD_MATCH = YES;
				CODE_SIGN_IDENTITY = "iPhone Developer";
				COPY_PHASE_STRIP = NO;
				DEBUG_INFORMATION_FORMAT = "dwarf-with-dsym";
				ENABLE_NS_ASSERTIONS = NO;
				ENABLE_STRICT_OBJC_MSGSEND = YES;
				GCC_C_LANGUAGE_STANDARD = gnu11;
				GCC_NO_COMMON_BLOCKS = YES;
				GCC_WARN_64_TO_32_BIT_CONVERSION = YES;
				GCC_WARN_ABOUT_RETURN_TYPE = YES_ERROR;
				GCC_WARN_UNDECLARED_SELECTOR = YES;
				GCC_WARN_UNINITIALIZED_AUTOS = YES_AGGRESSIVE;
				GCC_WARN_UNUSED_FUNCTION = YES;
				GCC_WARN_UNUSED_VARIABLE = YES;
				IPHONEOS_DEPLOYMENT_TARGET = 11.0;
				MTL_ENABLE_DEBUG_INFO = NO;
				SDKROOT = iphoneos;
				VALIDATE_PRODUCT = YES;
			};
			name = Release;
		};
		F648EE62210045CB00045DB8 /* Debug */ = {
			isa = XCBuildConfiguration;
			buildSettings = {
				ASSETCATALOG_COMPILER_APPICON_NAME = AppIcon;
				CODE_SIGN_STYLE = Automatic;
				INFOPLIST_FILE = JLSimpleNetWorkDemo/Info.plist;
				LD_RUNPATH_SEARCH_PATHS = "$(inherited) @executable_path/Frameworks";
				PRODUCT_BUNDLE_IDENTIFIER = belief.JLSimpleNetWorkDemo;
				PRODUCT_NAME = "$(TARGET_NAME)";
				TARGETED_DEVICE_FAMILY = "1,2";
			};
			name = Debug;
		};
		F648EE63210045CB00045DB8 /* Release */ = {
			isa = XCBuildConfiguration;
			buildSettings = {
				ASSETCATALOG_COMPILER_APPICON_NAME = AppIcon;
				CODE_SIGN_STYLE = Automatic;
				INFOPLIST_FILE = JLSimpleNetWorkDemo/Info.plist;
				LD_RUNPATH_SEARCH_PATHS = "$(inherited) @executable_path/Frameworks";
				PRODUCT_BUNDLE_IDENTIFIER = belief.JLSimpleNetWorkDemo;
				PRODUCT_NAME = "$(TARGET_NAME)";
				TARGETED_DEVICE_FAMILY = "1,2";
			};
			name = Release;
		};
/* End XCBuildConfiguration section */

/* Begin XCConfigurationList section */
		F648EE46210045CB00045DB8 /* Build configuration list for PBXProject "JLSimpleNetWorkDemo" */ = {
			isa = XCConfigurationList;
			buildConfigurations = (
				F648EE5F210045CB00045DB8 /* Debug */,
				F648EE60210045CB00045DB8 /* Release */,
			);
			defaultConfigurationIsVisible = 0;
			defaultConfigurationName = Release;
		};
		F648EE61210045CB00045DB8 /* Build configuration list for PBXNativeTarget "JLSimpleNetWorkDemo" */ = {
			isa = XCConfigurationList;
			buildConfigurations = (
				F648EE62210045CB00045DB8 /* Debug */,
				F648EE63210045CB00045DB8 /* Release */,
			);
			defaultConfigurationIsVisible = 0;
			defaultConfigurationName = Release;
		};
/* End XCConfigurationList section */
	};
	rootObject = F648EE43210045CB00045DB8 /* Project object */;
}
